
Microsoft Visual Studio Solution File, Format Version 12.00
# Visual Studio 15
VisualStudioVersion = 15.0.28307.1340
MinimumVisualStudioVersion = 10.0.40219.1
Project("{FAE04EC0-301F-11D3-BF4B-00C04F79EFBC}") = "ConsoleApp2", "ConsoleApp2\ConsoleApp2.csproj", "{F510EB75-D9D1-4C63-95EE-804912D00BA0}"
EndProject
Global
	GlobalSection(SolutionConfigurationPlatforms) = preSolution
		Debug|Any CPU = Debug|Any CPU
		Release|Any CPU = Release|Any CPU
	EndGlobalSection
	GlobalSection(ProjectConfigurationPlatforms) = postSolution
		{F510EB75-D9D1-4C63-95EE-804912D00BA0}.Debug|Any CPU.ActiveCfg = Debug|Any CPU
		{F510EB75-D9D1-4C63-95EE-804912D00BA0}.Debug|Any CPU.Build.0 = Debug|Any CPU
		{F510EB75-D9D1-4C63-95EE-804912D00BA0}.Release|Any CPU.ActiveCfg = Release|Any CPU
		{F510EB75-D9D1-4C63-95EE-804912D00BA0}.Release|Any CPU.Build.0 = Release|Any CPU
	EndGlobalSection
	GlobalSection(SolutionProperties) = preSolution
		HideSolutionNode = FALSE
	EndGlobalSection
	GlobalSection(ExtensibilityGlobals) = postSolution
		SolutionGuid = {77F4AD73-0C2E-425E-878C-EAC32E937E6E}
	EndGlobalSection
EndGlobal
